
Microsoft Visual Studio Solution File, Format Version 12.00
# Visual Studio Version 17
VisualStudioVersion = 17.8.34525.116
MinimumVisualStudioVersion = 10.0.40219.1
Project("{FAE04EC0-301F-11D3-BF4B-00C04F79EFBC}") = "NetChan", "NetChan.csproj", "{CA95997C-2A82-4796-BE04-1CB9EA31591D}"
EndProject
Global
	GlobalSection(SolutionConfigurationPlatforms) = preSolution
		Debug|Any CPU = Debug|Any CPU
		Release|Any CPU = Release|Any CPU
	EndGlobalSection
	GlobalSection(ProjectConfigurationPlatforms) = postSolution
		{CA95997C-2A82-4796-BE04-1CB9EA31591D}.Debug|Any CPU.ActiveCfg = Debug|Any CPU
		{CA95997C-2A82-4796-BE04-1CB9EA31591D}.Debug|Any CPU.Build.0 = Debug|Any CPU
		{CA95997C-2A82-4796-BE04-1CB9EA31591D}.Release|Any CPU.ActiveCfg = Release|Any CPU
		{CA95997C-2A82-4796-BE04-1CB9EA31591D}.Release|Any CPU.Build.0 = Release|Any CPU
	EndGlobalSection
	GlobalSection(SolutionProperties) = preSolution
		HideSolutionNode = FALSE
	EndGlobalSection
	GlobalSection(ExtensibilityGlobals) = postSolution
		SolutionGuid = {AF147A29-8568-4B3F-9FEE-351083274185}
	EndGlobalSection
EndGlobal
